
Microsoft Visual Studio Solution File, Format Version 12.00
# Visual Studio Version 17
VisualStudioVersion = 17.1.32319.34
MinimumVisualStudioVersion = 10.0.40219.1
Project("{FAE04EC0-301F-11D3-BF4B-00C04F79EFBC}") = "Ejercicio07.Android", "Ejercicio07\Ejercicio07.Android\Ejercicio07.Android.csproj", "{CCFD88FE-7172-4DEB-8F4B-2C4FF9549376}"
EndProject
Project("{FAE04EC0-301F-11D3-BF4B-00C04F79EFBC}") = "Ejercicio07", "Ejercicio07\Ejercicio07\Ejercicio07.csproj", "{5D8D6DF1-8D50-48EF-84D4-A2CBCC31780A}"
EndProject
Global
	GlobalSection(SolutionConfigurationPlatforms) = preSolution
		Debug|Any CPU = Debug|Any CPU
		Release|Any CPU = Release|Any CPU
	EndGlobalSection
	GlobalSection(ProjectConfigurationPlatforms) = postSolution
		{CCFD88FE-7172-4DEB-8F4B-2C4FF9549376}.Debug|Any CPU.ActiveCfg = Debug|Any CPU
		{CCFD88FE-7172-4DEB-8F4B-2C4FF9549376}.Debug|Any CPU.Build.0 = Debug|Any CPU
		{CCFD88FE-7172-4DEB-8F4B-2C4FF9549376}.Debug|Any CPU.Deploy.0 = Debug|Any CPU
		{CCFD88FE-7172-4DEB-8F4B-2C4FF9549376}.Release|Any CPU.ActiveCfg = Release|Any CPU
		{CCFD88FE-7172-4DEB-8F4B-2C4FF9549376}.Release|Any CPU.Build.0 = Release|Any CPU
		{CCFD88FE-7172-4DEB-8F4B-2C4FF9549376}.Release|Any CPU.Deploy.0 = Release|Any CPU
		{5D8D6DF1-8D50-48EF-84D4-A2CBCC31780A}.Debug|Any CPU.ActiveCfg = Debug|Any CPU
		{5D8D6DF1-8D50-48EF-84D4-A2CBCC31780A}.Debug|Any CPU.Build.0 = Debug|Any CPU
		{5D8D6DF1-8D50-48EF-84D4-A2CBCC31780A}.Debug|Any CPU.Deploy.0 = Debug|Any CPU
		{5D8D6DF1-8D50-48EF-84D4-A2CBCC31780A}.Release|Any CPU.ActiveCfg = Release|Any CPU
		{5D8D6DF1-8D50-48EF-84D4-A2CBCC31780A}.Release|Any CPU.Build.0 = Release|Any CPU
		{5D8D6DF1-8D50-48EF-84D4-A2CBCC31780A}.Release|Any CPU.Deploy.0 = Release|Any CPU
	EndGlobalSection
	GlobalSection(SolutionProperties) = preSolution
		HideSolutionNode = FALSE
	EndGlobalSection
	GlobalSection(ExtensibilityGlobals) = postSolution
		SolutionGuid = {F75B8F94-360B-4129-91CF-5BB11D5F6C52}
	EndGlobalSection
EndGlobal
